
Microsoft Visual Studio Solution File, Format Version 12.00
# Visual Studio Version 17
VisualStudioVersion = 17.5.002.0
MinimumVisualStudioVersion = 10.0.40219.1
Project("{9A19103F-16F7-4668-BE54-9A1E7A4F7556}") = "Foundation3", "Foundation3.csproj", "{D989C340-3FC2-4FB3-8617-58E5D1A6D09C}"
EndProject
Global
	GlobalSection(SolutionConfigurationPlatforms) = preSolution
		Debug|Any CPU = Debug|Any CPU
		Release|Any CPU = Release|Any CPU
	EndGlobalSection
	GlobalSection(ProjectConfigurationPlatforms) = postSolution
		{D989C340-3FC2-4FB3-8617-58E5D1A6D09C}.Debug|Any CPU.ActiveCfg = Debug|Any CPU
		{D989C340-3FC2-4FB3-8617-58E5D1A6D09C}.Debug|Any CPU.Build.0 = Debug|Any CPU
		{D989C340-3FC2-4FB3-8617-58E5D1A6D09C}.Release|Any CPU.ActiveCfg = Release|Any CPU
		{D989C340-3FC2-4FB3-8617-58E5D1A6D09C}.Release|Any CPU.Build.0 = Release|Any CPU
	EndGlobalSection
	GlobalSection(SolutionProperties) = preSolution
		HideSolutionNode = FALSE
	EndGlobalSection
	GlobalSection(ExtensibilityGlobals) = postSolution
		SolutionGuid = {BB410650-670B-4FC7-B711-5B5603C56FE9}
	EndGlobalSection
EndGlobal
