
Microsoft Visual Studio Solution File, Format Version 12.00
# Visual Studio Version 17
VisualStudioVersion = 17.5.002.0
MinimumVisualStudioVersion = 10.0.40219.1
Project("{9A19103F-16F7-4668-BE54-9A1E7A4F7556}") = "Prep3", "Prep3.csproj", "{65309EBE-1025-46CE-B43F-35E05B9FB968}"
EndProject
Global
	GlobalSection(SolutionConfigurationPlatforms) = preSolution
		Debug|Any CPU = Debug|Any CPU
		Release|Any CPU = Release|Any CPU
	EndGlobalSection
	GlobalSection(ProjectConfigurationPlatforms) = postSolution
		{65309EBE-1025-46CE-B43F-35E05B9FB968}.Debug|Any CPU.ActiveCfg = Debug|Any CPU
		{65309EBE-1025-46CE-B43F-35E05B9FB968}.Debug|Any CPU.Build.0 = Debug|Any CPU
		{65309EBE-1025-46CE-B43F-35E05B9FB968}.Release|Any CPU.ActiveCfg = Release|Any CPU
		{65309EBE-1025-46CE-B43F-35E05B9FB968}.Release|Any CPU.Build.0 = Release|Any CPU
	EndGlobalSection
	GlobalSection(SolutionProperties) = preSolution
		HideSolutionNode = FALSE
	EndGlobalSection
	GlobalSection(ExtensibilityGlobals) = postSolution
		SolutionGuid = {B1721EA9-7A1A-4C9B-815A-AE2B4AB717C0}
	EndGlobalSection
EndGlobal
