
Microsoft Visual Studio Solution File, Format Version 12.00
# Visual Studio Version 17
VisualStudioVersion = 17.5.002.0
MinimumVisualStudioVersion = 10.0.40219.1
Project("{9A19103F-16F7-4668-BE54-9A1E7A4F7556}") = "Learning02", "Learning02.csproj", "{44147E8B-89ED-4488-B57C-9919CEE925AB}"
EndProject
Global
	GlobalSection(SolutionConfigurationPlatforms) = preSolution
		Debug|Any CPU = Debug|Any CPU
		Release|Any CPU = Release|Any CPU
	EndGlobalSection
	GlobalSection(ProjectConfigurationPlatforms) = postSolution
		{44147E8B-89ED-4488-B57C-9919CEE925AB}.Debug|Any CPU.ActiveCfg = Debug|Any CPU
		{44147E8B-89ED-4488-B57C-9919CEE925AB}.Debug|Any CPU.Build.0 = Debug|Any CPU
		{44147E8B-89ED-4488-B57C-9919CEE925AB}.Release|Any CPU.ActiveCfg = Release|Any CPU
		{44147E8B-89ED-4488-B57C-9919CEE925AB}.Release|Any CPU.Build.0 = Release|Any CPU
	EndGlobalSection
	GlobalSection(SolutionProperties) = preSolution
		HideSolutionNode = FALSE
	EndGlobalSection
	GlobalSection(ExtensibilityGlobals) = postSolution
		SolutionGuid = {7D53FBD6-2CDC-4669-8279-C2BCB3C3431A}
	EndGlobalSection
EndGlobal
